// !$*UTF8*$!
{
	archiveVersion = 1;
	classes = {
	};
	objectVersion = 46;
	objects = {

/* Begin PBXBuildFile section */
		2DBA11AE1B9970A8E6772744 /* BaseNSWTableViewController.m in Sources */ = {isa = PBXBuildFile; fileRef = 2DBA1E9FDCADA3DDD5AC595A /* BaseNSWTableViewController.m */; };
		2DBA1709FF76217A332E42CC /* BaseNSWDataSource.m in Sources */ = {isa = PBXBuildFile; fileRef = 2DBA161F24FB78D7CD613800 /* BaseNSWDataSource.m */; };
		6896DDE71921354D00570E6B /* Contact.m in Sources */ = {isa = PBXBuildFile; fileRef = 6896DDE41921354D00570E6B /* Contact.m */; };
		6896DDE81921354D00570E6B /* ContactDataSource.m in Sources */ = {isa = PBXBuildFile; fileRef = 6896DDE61921354D00570E6B /* ContactDataSource.m */; };
		68E045E3191FF6B100B36423 /* events.ics in Resources */ = {isa = PBXBuildFile; fileRef = 68E045E2191FF6B100B36423 /* events.ics */; };
		68E045E51920061700B36423 /* NSWEvent.m in Sources */ = {isa = PBXBuildFile; fileRef = 68E045E41920061700B36423 /* NSWEvent.m */; };
		6C0A18E5937C4725A4DCB069 /* libPods.a in Frameworks */ = {isa = PBXBuildFile; fileRef = 5BE2E3248EC341149C22A407 /* libPods.a */; };
		E21CDE74191D47BF00884608 /* EventDataSource.m in Sources */ = {isa = PBXBuildFile; fileRef = E21CDE73191D47BF00884608 /* EventDataSource.m */; };
		E2842AC3191A9992007FBD9B /* Foundation.framework in Frameworks */ = {isa = PBXBuildFile; fileRef = E2842AC2191A9992007FBD9B /* Foundation.framework */; };
		E2842AC5191A9992007FBD9B /* CoreGraphics.framework in Frameworks */ = {isa = PBXBuildFile; fileRef = E2842AC4191A9992007FBD9B /* CoreGraphics.framework */; };
		E2842AC7191A9992007FBD9B /* UIKit.framework in Frameworks */ = {isa = PBXBuildFile; fileRef = E2842AC6191A9992007FBD9B /* UIKit.framework */; };
		E2842ACD191A9992007FBD9B /* InfoPlist.strings in Resources */ = {isa = PBXBuildFile; fileRef = E2842ACB191A9992007FBD9B /* InfoPlist.strings */; };
		E2842ACF191A9992007FBD9B /* main.m in Sources */ = {isa = PBXBuildFile; fileRef = E2842ACE191A9992007FBD9B /* main.m */; };
		E2842AD3191A9992007FBD9B /* AppDelegate.m in Sources */ = {isa = PBXBuildFile; fileRef = E2842AD2191A9992007FBD9B /* AppDelegate.m */; };
		E2842AD6191A9992007FBD9B /* Main.storyboard in Resources */ = {isa = PBXBuildFile; fileRef = E2842AD4191A9992007FBD9B /* Main.storyboard */; };
		E2842AD9191A9992007FBD9B /* EventListViewController.m in Sources */ = {isa = PBXBuildFile; fileRef = E2842AD8191A9992007FBD9B /* EventListViewController.m */; };
		E2842ADC191A9992007FBD9B /* EventDetailViewController.m in Sources */ = {isa = PBXBuildFile; fileRef = E2842ADB191A9992007FBD9B /* EventDetailViewController.m */; };
		E2842ADE191A9992007FBD9B /* Images.xcassets in Resources */ = {isa = PBXBuildFile; fileRef = E2842ADD191A9992007FBD9B /* Images.xcassets */; };
		E2842AE5191A9992007FBD9B /* XCTest.framework in Frameworks */ = {isa = PBXBuildFile; fileRef = E2842AE4191A9992007FBD9B /* XCTest.framework */; };
		E2842AE6191A9992007FBD9B /* Foundation.framework in Frameworks */ = {isa = PBXBuildFile; fileRef = E2842AC2191A9992007FBD9B /* Foundation.framework */; };
		E2842AE7191A9992007FBD9B /* UIKit.framework in Frameworks */ = {isa = PBXBuildFile; fileRef = E2842AC6191A9992007FBD9B /* UIKit.framework */; };
		E2842AEF191A9992007FBD9B /* InfoPlist.strings in Resources */ = {isa = PBXBuildFile; fileRef = E2842AED191A9992007FBD9B /* InfoPlist.strings */; };
		E2842AF1191A9992007FBD9B /* NSWTests.m in Sources */ = {isa = PBXBuildFile; fileRef = E2842AF0191A9992007FBD9B /* NSWTests.m */; };
		FA9DFDCF192166A000FC3A81 /* ContactTableViewController.m in Sources */ = {isa = PBXBuildFile; fileRef = FA9DFDCE192166A000FC3A81 /* ContactTableViewController.m */; };
		FA9DFDD81921A20900FC3A81 /* ContactTableViewCell.m in Sources */ = {isa = PBXBuildFile; fileRef = FA9DFDD71921A20900FC3A81 /* ContactTableViewCell.m */; };
		FA9DFDDB1921B9A400FC3A81 /* NSWStyle.m in Sources */ = {isa = PBXBuildFile; fileRef = FA9DFDDA1921B9A400FC3A81 /* NSWStyle.m */; };
		FA9DFDDD1921BDD200FC3A81 /* map.jpg in Resources */ = {isa = PBXBuildFile; fileRef = FA9DFDDC1921BDD200FC3A81 /* map.jpg */; };
		FA9DFDE91922D77F00FC3A81 /* CarlTermDataSource.m in Sources */ = {isa = PBXBuildFile; fileRef = FA9DFDE81922D77F00FC3A81 /* CarlTermDataSource.m */; };
		FA9DFDEC1922D95400FC3A81 /* CarlTermViewController.m in Sources */ = {isa = PBXBuildFile; fileRef = FA9DFDEB1922D95400FC3A81 /* CarlTermViewController.m */; };
		FA9DFDEE1922DB5800FC3A81 /* CarlTerm.m in Sources */ = {isa = PBXBuildFile; fileRef = FA9DFDED1922DB5800FC3A81 /* CarlTerm.m */; };
/* End PBXBuildFile section */

/* Begin PBXContainerItemProxy section */
		E2842AE8191A9992007FBD9B /* PBXContainerItemProxy */ = {
			isa = PBXContainerItemProxy;
			containerPortal = E2842AB7191A9991007FBD9B /* Project object */;
			proxyType = 1;
			remoteGlobalIDString = E2842ABE191A9991007FBD9B;
			remoteInfo = NSW;
		};
/* End PBXContainerItemProxy section */

/* Begin PBXFileReference section */
		2DBA161F24FB78D7CD613800 /* BaseNSWDataSource.m */ = {isa = PBXFileReference; fileEncoding = 4; lastKnownFileType = sourcecode.c.objc; path = BaseNSWDataSource.m; sourceTree = "<group>"; };
		2DBA199D76F580210C9F3B13 /* BaseNSWTableViewController.h */ = {isa = PBXFileReference; fileEncoding = 4; lastKnownFileType = sourcecode.c.h; path = BaseNSWTableViewController.h; sourceTree = "<group>"; };
		2DBA1E9FDCADA3DDD5AC595A /* BaseNSWTableViewController.m */ = {isa = PBXFileReference; fileEncoding = 4; lastKnownFileType = sourcecode.c.objc; path = BaseNSWTableViewController.m; sourceTree = "<group>"; };
		2DBA1F60FBF8244A097B7169 /* BaseNSWDataSource.h */ = {isa = PBXFileReference; fileEncoding = 4; lastKnownFileType = sourcecode.c.h; path = BaseNSWDataSource.h; sourceTree = "<group>"; };
		5BE2E3248EC341149C22A407 /* libPods.a */ = {isa = PBXFileReference; explicitFileType = archive.ar; includeInIndex = 0; path = libPods.a; sourceTree = BUILT_PRODUCTS_DIR; };
		6896DDE31921354D00570E6B /* Contact.h */ = {isa = PBXFileReference; fileEncoding = 4; lastKnownFileType = sourcecode.c.h; path = Contact.h; sourceTree = "<group>"; };
		6896DDE41921354D00570E6B /* Contact.m */ = {isa = PBXFileReference; fileEncoding = 4; lastKnownFileType = sourcecode.c.objc; path = Contact.m; sourceTree = "<group>"; };
		6896DDE51921354D00570E6B /* ContactDataSource.h */ = {isa = PBXFileReference; fileEncoding = 4; lastKnownFileType = sourcecode.c.h; path = ContactDataSource.h; sourceTree = "<group>"; };
		6896DDE61921354D00570E6B /* ContactDataSource.m */ = {isa = PBXFileReference; fileEncoding = 4; lastKnownFileType = sourcecode.c.objc; path = ContactDataSource.m; sourceTree = "<group>"; };
		68E045E2191FF6B100B36423 /* events.ics */ = {isa = PBXFileReference; fileEncoding = 4; lastKnownFileType = text; path = events.ics; sourceTree = "<group>"; };
		68E045E41920061700B36423 /* NSWEvent.m */ = {isa = PBXFileReference; fileEncoding = 4; lastKnownFileType = sourcecode.c.objc; path = NSWEvent.m; sourceTree = "<group>"; };
		C06B0FA12298495BA45210A7 /* Pods.xcconfig */ = {isa = PBXFileReference; includeInIndex = 1; lastKnownFileType = text.xcconfig; name = Pods.xcconfig; path = Pods/Pods.xcconfig; sourceTree = "<group>"; };
		E21CDE72191D47BF00884608 /* EventDataSource.h */ = {isa = PBXFileReference; fileEncoding = 4; lastKnownFileType = sourcecode.c.h; path = EventDataSource.h; sourceTree = "<group>"; };
		E21CDE73191D47BF00884608 /* EventDataSource.m */ = {isa = PBXFileReference; fileEncoding = 4; lastKnownFileType = sourcecode.c.objc; path = EventDataSource.m; sourceTree = "<group>"; };
		E2842ABF191A9992007FBD9B /* NSW.app */ = {isa = PBXFileReference; explicitFileType = wrapper.application; includeInIndex = 0; path = NSW.app; sourceTree = BUILT_PRODUCTS_DIR; };
		E2842AC2191A9992007FBD9B /* Foundation.framework */ = {isa = PBXFileReference; lastKnownFileType = wrapper.framework; name = Foundation.framework; path = System/Library/Frameworks/Foundation.framework; sourceTree = SDKROOT; };
		E2842AC4191A9992007FBD9B /* CoreGraphics.framework */ = {isa = PBXFileReference; lastKnownFileType = wrapper.framework; name = CoreGraphics.framework; path = System/Library/Frameworks/CoreGraphics.framework; sourceTree = SDKROOT; };
		E2842AC6191A9992007FBD9B /* UIKit.framework */ = {isa = PBXFileReference; lastKnownFileType = wrapper.framework; name = UIKit.framework; path = System/Library/Frameworks/UIKit.framework; sourceTree = SDKROOT; };
		E2842ACA191A9992007FBD9B /* NSW-Info.plist */ = {isa = PBXFileReference; lastKnownFileType = text.plist.xml; path = "NSW-Info.plist"; sourceTree = "<group>"; };
		E2842ACC191A9992007FBD9B /* en */ = {isa = PBXFileReference; lastKnownFileType = text.plist.strings; name = en; path = en.lproj/InfoPlist.strings; sourceTree = "<group>"; };
		E2842ACE191A9992007FBD9B /* main.m */ = {isa = PBXFileReference; lastKnownFileType = sourcecode.c.objc; path = main.m; sourceTree = "<group>"; };
		E2842AD0191A9992007FBD9B /* NSW-Prefix.pch */ = {isa = PBXFileReference; lastKnownFileType = sourcecode.c.h; path = "NSW-Prefix.pch"; sourceTree = "<group>"; };
		E2842AD1191A9992007FBD9B /* AppDelegate.h */ = {isa = PBXFileReference; lastKnownFileType = sourcecode.c.h; path = AppDelegate.h; sourceTree = "<group>"; };
		E2842AD2191A9992007FBD9B /* AppDelegate.m */ = {isa = PBXFileReference; lastKnownFileType = sourcecode.c.objc; path = AppDelegate.m; sourceTree = "<group>"; };
		E2842AD5191A9992007FBD9B /* Base */ = {isa = PBXFileReference; lastKnownFileType = file.storyboard; name = Base; path = Base.lproj/Main.storyboard; sourceTree = "<group>"; };
		E2842AD7191A9992007FBD9B /* EventListViewController.h */ = {isa = PBXFileReference; lastKnownFileType = sourcecode.c.h; path = EventListViewController.h; sourceTree = "<group>"; };
		E2842AD8191A9992007FBD9B /* EventListViewController.m */ = {isa = PBXFileReference; lastKnownFileType = sourcecode.c.objc; path = EventListViewController.m; sourceTree = "<group>"; };
		E2842ADA191A9992007FBD9B /* EventDetailViewController.h */ = {isa = PBXFileReference; lastKnownFileType = sourcecode.c.h; path = EventDetailViewController.h; sourceTree = "<group>"; };
		E2842ADB191A9992007FBD9B /* EventDetailViewController.m */ = {isa = PBXFileReference; lastKnownFileType = sourcecode.c.objc; path = EventDetailViewController.m; sourceTree = "<group>"; };
		E2842ADD191A9992007FBD9B /* Images.xcassets */ = {isa = PBXFileReference; lastKnownFileType = folder.assetcatalog; path = Images.xcassets; sourceTree = "<group>"; };
		E2842AE3191A9992007FBD9B /* NSWTests.xctest */ = {isa = PBXFileReference; explicitFileType = wrapper.cfbundle; includeInIndex = 0; path = NSWTests.xctest; sourceTree = BUILT_PRODUCTS_DIR; };
		E2842AE4191A9992007FBD9B /* XCTest.framework */ = {isa = PBXFileReference; lastKnownFileType = wrapper.framework; name = XCTest.framework; path = Library/Frameworks/XCTest.framework; sourceTree = DEVELOPER_DIR; };
		E2842AEC191A9992007FBD9B /* NSWTests-Info.plist */ = {isa = PBXFileReference; lastKnownFileType = text.plist.xml; path = "NSWTests-Info.plist"; sourceTree = "<group>"; };
		E2842AEE191A9992007FBD9B /* en */ = {isa = PBXFileReference; lastKnownFileType = text.plist.strings; name = en; path = en.lproj/InfoPlist.strings; sourceTree = "<group>"; };
		E2842AF0191A9992007FBD9B /* NSWTests.m */ = {isa = PBXFileReference; lastKnownFileType = sourcecode.c.objc; path = NSWTests.m; sourceTree = "<group>"; };
		FA9DFDCD192166A000FC3A81 /* ContactTableViewController.h */ = {isa = PBXFileReference; fileEncoding = 4; lastKnownFileType = sourcecode.c.h; path = ContactTableViewController.h; sourceTree = "<group>"; };
		FA9DFDCE192166A000FC3A81 /* ContactTableViewController.m */ = {isa = PBXFileReference; fileEncoding = 4; lastKnownFileType = sourcecode.c.objc; path = ContactTableViewController.m; sourceTree = "<group>"; };
		FA9DFDD0192166C700FC3A81 /* NSWEvent.h */ = {isa = PBXFileReference; fileEncoding = 4; lastKnownFileType = sourcecode.c.h; path = NSWEvent.h; sourceTree = "<group>"; };
		FA9DFDD61921A20900FC3A81 /* ContactTableViewCell.h */ = {isa = PBXFileReference; fileEncoding = 4; lastKnownFileType = sourcecode.c.h; path = ContactTableViewCell.h; sourceTree = "<group>"; };
		FA9DFDD71921A20900FC3A81 /* ContactTableViewCell.m */ = {isa = PBXFileReference; fileEncoding = 4; lastKnownFileType = sourcecode.c.objc; path = ContactTableViewCell.m; sourceTree = "<group>"; };
		FA9DFDD91921B9A400FC3A81 /* NSWStyle.h */ = {isa = PBXFileReference; fileEncoding = 4; lastKnownFileType = sourcecode.c.h; path = NSWStyle.h; sourceTree = "<group>"; };
		FA9DFDDA1921B9A400FC3A81 /* NSWStyle.m */ = {isa = PBXFileReference; fileEncoding = 4; lastKnownFileType = sourcecode.c.objc; path = NSWStyle.m; sourceTree = "<group>"; };
		FA9DFDDC1921BDD200FC3A81 /* map.jpg */ = {isa = PBXFileReference; lastKnownFileType = image.jpeg; path = map.jpg; sourceTree = "<group>"; };
		FA9DFDE41922D67C00FC3A81 /* CarlTerm.h */ = {isa = PBXFileReference; fileEncoding = 4; lastKnownFileType = sourcecode.c.h; path = CarlTerm.h; sourceTree = "<group>"; };
		FA9DFDE71922D77F00FC3A81 /* CarlTermDataSource.h */ = {isa = PBXFileReference; fileEncoding = 4; lastKnownFileType = sourcecode.c.h; path = CarlTermDataSource.h; sourceTree = "<group>"; };
		FA9DFDE81922D77F00FC3A81 /* CarlTermDataSource.m */ = {isa = PBXFileReference; fileEncoding = 4; lastKnownFileType = sourcecode.c.objc; path = CarlTermDataSource.m; sourceTree = "<group>"; };
		FA9DFDEA1922D95400FC3A81 /* CarlTermViewController.h */ = {isa = PBXFileReference; fileEncoding = 4; lastKnownFileType = sourcecode.c.h; path = CarlTermViewController.h; sourceTree = "<group>"; };
		FA9DFDEB1922D95400FC3A81 /* CarlTermViewController.m */ = {isa = PBXFileReference; fileEncoding = 4; lastKnownFileType = sourcecode.c.objc; path = CarlTermViewController.m; sourceTree = "<group>"; };
		FA9DFDED1922DB5800FC3A81 /* CarlTerm.m */ = {isa = PBXFileReference; fileEncoding = 4; lastKnownFileType = sourcecode.c.objc; path = CarlTerm.m; sourceTree = "<group>"; };
/* End PBXFileReference section */

/* Begin PBXFrameworksBuildPhase section */
		E2842ABC191A9991007FBD9B /* Frameworks */ = {
			isa = PBXFrameworksBuildPhase;
			buildActionMask = 2147483647;
			files = (
				E2842AC5191A9992007FBD9B /* CoreGraphics.framework in Frameworks */,
				E2842AC7191A9992007FBD9B /* UIKit.framework in Frameworks */,
				E2842AC3191A9992007FBD9B /* Foundation.framework in Frameworks */,
				6C0A18E5937C4725A4DCB069 /* libPods.a in Frameworks */,
			);
			runOnlyForDeploymentPostprocessing = 0;
		};
		E2842AE0191A9992007FBD9B /* Frameworks */ = {
			isa = PBXFrameworksBuildPhase;
			buildActionMask = 2147483647;
			files = (
				E2842AE5191A9992007FBD9B /* XCTest.framework in Frameworks */,
				E2842AE7191A9992007FBD9B /* UIKit.framework in Frameworks */,
				E2842AE6191A9992007FBD9B /* Foundation.framework in Frameworks */,
			);
			runOnlyForDeploymentPostprocessing = 0;
		};
/* End PBXFrameworksBuildPhase section */

/* Begin PBXGroup section */
		E2842AB6191A9991007FBD9B = {
			isa = PBXGroup;
			children = (
				E2842AC8191A9992007FBD9B /* NSW */,
				E2842AEA191A9992007FBD9B /* NSWTests */,
				E2842AC1191A9992007FBD9B /* Frameworks */,
				E2842AC0191A9992007FBD9B /* Products */,
				C06B0FA12298495BA45210A7 /* Pods.xcconfig */,
			);
			sourceTree = "<group>";
		};
		E2842AC0191A9992007FBD9B /* Products */ = {
			isa = PBXGroup;
			children = (
				E2842ABF191A9992007FBD9B /* NSW.app */,
				E2842AE3191A9992007FBD9B /* NSWTests.xctest */,
			);
			name = Products;
			sourceTree = "<group>";
		};
		E2842AC1191A9992007FBD9B /* Frameworks */ = {
			isa = PBXGroup;
			children = (
				E2842AC2191A9992007FBD9B /* Foundation.framework */,
				E2842AC4191A9992007FBD9B /* CoreGraphics.framework */,
				E2842AC6191A9992007FBD9B /* UIKit.framework */,
				E2842AE4191A9992007FBD9B /* XCTest.framework */,
				5BE2E3248EC341149C22A407 /* libPods.a */,
			);
			name = Frameworks;
			sourceTree = "<group>";
		};
		E2842AC8191A9992007FBD9B /* NSW */ = {
			isa = PBXGroup;
			children = (
				FA9DFDE31921C36900FC3A81 /* Common */,
				FA9DFDE01921C2EC00FC3A81 /* DataSources */,
				FA9DFDE11921C30F00FC3A81 /* Media */,
				FA9DFDDE1921C2BB00FC3A81 /* Models */,
				FA9DFDE21921C34900FC3A81 /* ViewControllers */,
				E2842ADD191A9992007FBD9B /* Images.xcassets */,
				E2842AC9191A9992007FBD9B /* Supporting Files */,
			);
			path = NSW;
			sourceTree = "<group>";
		};
		E2842AC9191A9992007FBD9B /* Supporting Files */ = {
			isa = PBXGroup;
			children = (
				E2842ACA191A9992007FBD9B /* NSW-Info.plist */,
				E2842ACB191A9992007FBD9B /* InfoPlist.strings */,
				E2842ACE191A9992007FBD9B /* main.m */,
				E2842AD0191A9992007FBD9B /* NSW-Prefix.pch */,
			);
			name = "Supporting Files";
			sourceTree = "<group>";
		};
		E2842AEA191A9992007FBD9B /* NSWTests */ = {
			isa = PBXGroup;
			children = (
				E2842AF0191A9992007FBD9B /* NSWTests.m */,
				E2842AEB191A9992007FBD9B /* Supporting Files */,
			);
			path = NSWTests;
			sourceTree = "<group>";
		};
		E2842AEB191A9992007FBD9B /* Supporting Files */ = {
			isa = PBXGroup;
			children = (
				E2842AEC191A9992007FBD9B /* NSWTests-Info.plist */,
				E2842AED191A9992007FBD9B /* InfoPlist.strings */,
			);
			name = "Supporting Files";
			sourceTree = "<group>";
		};
		FA9DFDDE1921C2BB00FC3A81 /* Models */ = {
			isa = PBXGroup;
			children = (
				6896DDE31921354D00570E6B /* Contact.h */,
				6896DDE41921354D00570E6B /* Contact.m */,
				FA9DFDD0192166C700FC3A81 /* NSWEvent.h */,
				68E045E41920061700B36423 /* NSWEvent.m */,
				FA9DFDE41922D67C00FC3A81 /* CarlTerm.h */,
				FA9DFDED1922DB5800FC3A81 /* CarlTerm.m */,
			);
			name = Models;
			sourceTree = "<group>";
		};
		FA9DFDE01921C2EC00FC3A81 /* DataSources */ = {
			isa = PBXGroup;
			children = (
				6896DDE51921354D00570E6B /* ContactDataSource.h */,
				6896DDE61921354D00570E6B /* ContactDataSource.m */,
				E21CDE72191D47BF00884608 /* EventDataSource.h */,
				E21CDE73191D47BF00884608 /* EventDataSource.m */,
				FA9DFDE71922D77F00FC3A81 /* CarlTermDataSource.h */,
				FA9DFDE81922D77F00FC3A81 /* CarlTermDataSource.m */,
				2DBA161F24FB78D7CD613800 /* BaseNSWDataSource.m */,
				2DBA1F60FBF8244A097B7169 /* BaseNSWDataSource.h */,
			);
			name = DataSources;
			sourceTree = "<group>";
		};
		FA9DFDE11921C30F00FC3A81 /* Media */ = {
			isa = PBXGroup;
			children = (
				68E045E2191FF6B100B36423 /* events.ics */,
				FA9DFDDC1921BDD200FC3A81 /* map.jpg */,
			);
			name = Media;
			sourceTree = "<group>";
		};
		FA9DFDE21921C34900FC3A81 /* ViewControllers */ = {
			isa = PBXGroup;
			children = (
				FA9DFDD61921A20900FC3A81 /* ContactTableViewCell.h */,
				FA9DFDD71921A20900FC3A81 /* ContactTableViewCell.m */,
				FA9DFDCD192166A000FC3A81 /* ContactTableViewController.h */,
				FA9DFDCE192166A000FC3A81 /* ContactTableViewController.m */,
				E2842AD7191A9992007FBD9B /* EventListViewController.h */,
				E2842AD8191A9992007FBD9B /* EventListViewController.m */,
				E2842ADA191A9992007FBD9B /* EventDetailViewController.h */,
				E2842ADB191A9992007FBD9B /* EventDetailViewController.m */,
				FA9DFDEA1922D95400FC3A81 /* CarlTermViewController.h */,
				FA9DFDEB1922D95400FC3A81 /* CarlTermViewController.m */,
				2DBA1E9FDCADA3DDD5AC595A /* BaseNSWTableViewController.m */,
				2DBA199D76F580210C9F3B13 /* BaseNSWTableViewController.h */,
			);
			name = ViewControllers;
			sourceTree = "<group>";
		};
		FA9DFDE31921C36900FC3A81 /* Common */ = {
			isa = PBXGroup;
			children = (
				E2842AD4191A9992007FBD9B /* Main.storyboard */,
				E2842AD1191A9992007FBD9B /* AppDelegate.h */,
				E2842AD2191A9992007FBD9B /* AppDelegate.m */,
				FA9DFDD91921B9A400FC3A81 /* NSWStyle.h */,
				FA9DFDDA1921B9A400FC3A81 /* NSWStyle.m */,
			);
			name = Common;
			sourceTree = "<group>";
		};
/* End PBXGroup section */

/* Begin PBXNativeTarget section */
		E2842ABE191A9991007FBD9B /* NSW */ = {
			isa = PBXNativeTarget;
			buildConfigurationList = E2842AF4191A9992007FBD9B /* Build configuration list for PBXNativeTarget "NSW" */;
			buildPhases = (
				17B7233D53DB4F6CAA00E69B /* Check Pods Manifest.lock */,
				E2842ABB191A9991007FBD9B /* Sources */,
				E2842ABC191A9991007FBD9B /* Frameworks */,
				E2842ABD191A9991007FBD9B /* Resources */,
				453A1052505C45A285C65524 /* Copy Pods Resources */,
			);
			buildRules = (
			);
			dependencies = (
			);
			name = NSW;
			productName = NSW;
			productReference = E2842ABF191A9992007FBD9B /* NSW.app */;
			productType = "com.apple.product-type.application";
		};
		E2842AE2191A9992007FBD9B /* NSWTests */ = {
			isa = PBXNativeTarget;
			buildConfigurationList = E2842AF7191A9992007FBD9B /* Build configuration list for PBXNativeTarget "NSWTests" */;
			buildPhases = (
				E2842ADF191A9992007FBD9B /* Sources */,
				E2842AE0191A9992007FBD9B /* Frameworks */,
				E2842AE1191A9992007FBD9B /* Resources */,
			);
			buildRules = (
			);
			dependencies = (
				E2842AE9191A9992007FBD9B /* PBXTargetDependency */,
			);
			name = NSWTests;
			productName = NSWTests;
			productReference = E2842AE3191A9992007FBD9B /* NSWTests.xctest */;
			productType = "com.apple.product-type.bundle.unit-test";
		};
/* End PBXNativeTarget section */

/* Begin PBXProject section */
		E2842AB7191A9991007FBD9B /* Project object */ = {
			isa = PBXProject;
			attributes = {
				LastUpgradeCheck = 0510;
				ORGANIZATIONNAME = BTIN;
				TargetAttributes = {
					E2842AE2191A9992007FBD9B = {
						TestTargetID = E2842ABE191A9991007FBD9B;
					};
				};
			};
			buildConfigurationList = E2842ABA191A9991007FBD9B /* Build configuration list for PBXProject "NSW" */;
			compatibilityVersion = "Xcode 3.2";
			developmentRegion = English;
			hasScannedForEncodings = 0;
			knownRegions = (
				en,
				Base,
			);
			mainGroup = E2842AB6191A9991007FBD9B;
			productRefGroup = E2842AC0191A9992007FBD9B /* Products */;
			projectDirPath = "";
			projectRoot = "";
			targets = (
				E2842ABE191A9991007FBD9B /* NSW */,
				E2842AE2191A9992007FBD9B /* NSWTests */,
			);
		};
/* End PBXProject section */

/* Begin PBXResourcesBuildPhase section */
		E2842ABD191A9991007FBD9B /* Resources */ = {
			isa = PBXResourcesBuildPhase;
			buildActionMask = 2147483647;
			files = (
				FA9DFDDD1921BDD200FC3A81 /* map.jpg in Resources */,
				68E045E3191FF6B100B36423 /* events.ics in Resources */,
				E2842ADE191A9992007FBD9B /* Images.xcassets in Resources */,
				E2842ACD191A9992007FBD9B /* InfoPlist.strings in Resources */,
				E2842AD6191A9992007FBD9B /* Main.storyboard in Resources */,
			);
			runOnlyForDeploymentPostprocessing = 0;
		};
		E2842AE1191A9992007FBD9B /* Resources */ = {
			isa = PBXResourcesBuildPhase;
			buildActionMask = 2147483647;
			files = (
				E2842AEF191A9992007FBD9B /* InfoPlist.strings in Resources */,
			);
			runOnlyForDeploymentPostprocessing = 0;
		};
/* End PBXResourcesBuildPhase section */

/* Begin PBXShellScriptBuildPhase section */
		17B7233D53DB4F6CAA00E69B /* Check Pods Manifest.lock */ = {
			isa = PBXShellScriptBuildPhase;
			buildActionMask = 2147483647;
			files = (
			);
			inputPaths = (
			);
			name = "Check Pods Manifest.lock";
			outputPaths = (
			);
			runOnlyForDeploymentPostprocessing = 0;
			shellPath = /bin/sh;
			shellScript = "diff \"${PODS_ROOT}/../Podfile.lock\" \"${PODS_ROOT}/Manifest.lock\" > /dev/null\nif [[ $? != 0 ]] ; then\n    cat << EOM\nerror: The sandbox is not in sync with the Podfile.lock. Run 'pod install' or update your CocoaPods installation.\nEOM\n    exit 1\nfi\n";
			showEnvVarsInLog = 0;
		};
		453A1052505C45A285C65524 /* Copy Pods Resources */ = {
			isa = PBXShellScriptBuildPhase;
			buildActionMask = 2147483647;
			files = (
			);
			inputPaths = (
			);
			name = "Copy Pods Resources";
			outputPaths = (
			);
			runOnlyForDeploymentPostprocessing = 0;
			shellPath = /bin/sh;
			shellScript = "\"${SRCROOT}/Pods/Pods-resources.sh\"\n";
			showEnvVarsInLog = 0;
		};
/* End PBXShellScriptBuildPhase section */

/* Begin PBXSourcesBuildPhase section */
		E2842ABB191A9991007FBD9B /* Sources */ = {
			isa = PBXSourcesBuildPhase;
			buildActionMask = 2147483647;
			files = (
				FA9DFDE91922D77F00FC3A81 /* CarlTermDataSource.m in Sources */,
				68E045E51920061700B36423 /* NSWEvent.m in Sources */,
				FA9DFDCF192166A000FC3A81 /* ContactTableViewController.m in Sources */,
				FA9DFDDB1921B9A400FC3A81 /* NSWStyle.m in Sources */,
				FA9DFDD81921A20900FC3A81 /* ContactTableViewCell.m in Sources */,
				E2842AD3191A9992007FBD9B /* AppDelegate.m in Sources */,
				FA9DFDEC1922D95400FC3A81 /* CarlTermViewController.m in Sources */,
				E2842AD9191A9992007FBD9B /* EventListViewController.m in Sources */,
				E2842ACF191A9992007FBD9B /* main.m in Sources */,
				FA9DFDEE1922DB5800FC3A81 /* CarlTerm.m in Sources */,
				6896DDE71921354D00570E6B /* Contact.m in Sources */,
				6896DDE81921354D00570E6B /* ContactDataSource.m in Sources */,
				E2842ADC191A9992007FBD9B /* EventDetailViewController.m in Sources */,
				E21CDE74191D47BF00884608 /* EventDataSource.m in Sources */,
				2DBA1709FF76217A332E42CC /* BaseNSWDataSource.m in Sources */,
				2DBA11AE1B9970A8E6772744 /* BaseNSWTableViewController.m in Sources */,
			);
			runOnlyForDeploymentPostprocessing = 0;
		};
		E2842ADF191A9992007FBD9B /* Sources */ = {
			isa = PBXSourcesBuildPhase;
			buildActionMask = 2147483647;
			files = (
				E2842AF1191A9992007FBD9B /* NSWTests.m in Sources */,
			);
			runOnlyForDeploymentPostprocessing = 0;
		};
/* End PBXSourcesBuildPhase section */

/* Begin PBXTargetDependency section */
		E2842AE9191A9992007FBD9B /* PBXTargetDependency */ = {
			isa = PBXTargetDependency;
			target = E2842ABE191A9991007FBD9B /* NSW */;
			targetProxy = E2842AE8191A9992007FBD9B /* PBXContainerItemProxy */;
		};
/* End PBXTargetDependency section */

/* Begin PBXVariantGroup section */
		E2842ACB191A9992007FBD9B /* InfoPlist.strings */ = {
			isa = PBXVariantGroup;
			children = (
				E2842ACC191A9992007FBD9B /* en */,
			);
			name = InfoPlist.strings;
			sourceTree = "<group>";
		};
		E2842AD4191A9992007FBD9B /* Main.storyboard */ = {
			isa = PBXVariantGroup;
			children = (
				E2842AD5191A9992007FBD9B /* Base */,
			);
			name = Main.storyboard;
			sourceTree = "<group>";
		};
		E2842AED191A9992007FBD9B /* InfoPlist.strings */ = {
			isa = PBXVariantGroup;
			children = (
				E2842AEE191A9992007FBD9B /* en */,
			);
			name = InfoPlist.strings;
			sourceTree = "<group>";
		};
/* End PBXVariantGroup section */

/* Begin XCBuildConfiguration section */
		E2842AF2191A9992007FBD9B /* Debug */ = {
			isa = XCBuildConfiguration;
			buildSettings = {
				ALWAYS_SEARCH_USER_PATHS = NO;
				CLANG_CXX_LANGUAGE_STANDARD = "gnu++0x";
				CLANG_CXX_LIBRARY = "libc++";
				CLANG_ENABLE_MODULES = YES;
				CLANG_ENABLE_OBJC_ARC = YES;
				CLANG_WARN_BOOL_CONVERSION = YES;
				CLANG_WARN_CONSTANT_CONVERSION = YES;
				CLANG_WARN_DIRECT_OBJC_ISA_USAGE = YES_ERROR;
				CLANG_WARN_EMPTY_BODY = YES;
				CLANG_WARN_ENUM_CONVERSION = YES;
				CLANG_WARN_INT_CONVERSION = YES;
				CLANG_WARN_OBJC_ROOT_CLASS = YES_ERROR;
				CLANG_WARN__DUPLICATE_METHOD_MATCH = YES;
				"CODE_SIGN_IDENTITY[sdk=iphoneos*]" = "iPhone Developer";
				COPY_PHASE_STRIP = NO;
				GCC_C_LANGUAGE_STANDARD = gnu99;
				GCC_DYNAMIC_NO_PIC = NO;
				GCC_OPTIMIZATION_LEVEL = 0;
				GCC_PREPROCESSOR_DEFINITIONS = (
					"DEBUG=1",
					"$(inherited)",
				);
				GCC_SYMBOLS_PRIVATE_EXTERN = NO;
				GCC_WARN_64_TO_32_BIT_CONVERSION = YES;
				GCC_WARN_ABOUT_RETURN_TYPE = YES_ERROR;
				GCC_WARN_UNDECLARED_SELECTOR = YES;
				GCC_WARN_UNINITIALIZED_AUTOS = YES;
				GCC_WARN_UNUSED_FUNCTION = YES;
				GCC_WARN_UNUSED_VARIABLE = YES;
				IPHONEOS_DEPLOYMENT_TARGET = 7.0;
				ONLY_ACTIVE_ARCH = YES;
				SDKROOT = iphoneos;
			};
			name = Debug;
		};
		E2842AF3191A9992007FBD9B /* Release */ = {
			isa = XCBuildConfiguration;
			buildSettings = {
				ALWAYS_SEARCH_USER_PATHS = NO;
				CLANG_CXX_LANGUAGE_STANDARD = "gnu++0x";
				CLANG_CXX_LIBRARY = "libc++";
				CLANG_ENABLE_MODULES = YES;
				CLANG_ENABLE_OBJC_ARC = YES;
				CLANG_WARN_BOOL_CONVERSION = YES;
				CLANG_WARN_CONSTANT_CONVERSION = YES;
				CLANG_WARN_DIRECT_OBJC_ISA_USAGE = YES_ERROR;
				CLANG_WARN_EMPTY_BODY = YES;
				CLANG_WARN_ENUM_CONVERSION = YES;
				CLANG_WARN_INT_CONVERSION = YES;
				CLANG_WARN_OBJC_ROOT_CLASS = YES_ERROR;
				CLANG_WARN__DUPLICATE_METHOD_MATCH = YES;
				"CODE_SIGN_IDENTITY[sdk=iphoneos*]" = "iPhone Developer";
				COPY_PHASE_STRIP = YES;
				ENABLE_NS_ASSERTIONS = NO;
				GCC_C_LANGUAGE_STANDARD = gnu99;
				GCC_WARN_64_TO_32_BIT_CONVERSION = YES;
				GCC_WARN_ABOUT_RETURN_TYPE = YES_ERROR;
				GCC_WARN_UNDECLARED_SELECTOR = YES;
				GCC_WARN_UNINITIALIZED_AUTOS = YES;
				GCC_WARN_UNUSED_FUNCTION = YES;
				GCC_WARN_UNUSED_VARIABLE = YES;
				IPHONEOS_DEPLOYMENT_TARGET = 7.0;
				SDKROOT = iphoneos;
				VALIDATE_PRODUCT = YES;
			};
			name = Release;
		};
		E2842AF5191A9992007FBD9B /* Debug */ = {
			isa = XCBuildConfiguration;
			baseConfigurationReference = C06B0FA12298495BA45210A7 /* Pods.xcconfig */;
			buildSettings = {
				ASSETCATALOG_COMPILER_APPICON_NAME = AppIcon;
				ASSETCATALOG_COMPILER_LAUNCHIMAGE_NAME = LaunchImage;
				GCC_PRECOMPILE_PREFIX_HEADER = YES;
				GCC_PREFIX_HEADER = "NSW/NSW-Prefix.pch";
				INFOPLIST_FILE = "NSW/NSW-Info.plist";
				PRODUCT_NAME = "$(TARGET_NAME)";
				WRAPPER_EXTENSION = app;
			};
			name = Debug;
		};
		E2842AF6191A9992007FBD9B /* Release */ = {
			isa = XCBuildConfiguration;
			baseConfigurationReference = C06B0FA12298495BA45210A7 /* Pods.xcconfig */;
			buildSettings = {
				ASSETCATALOG_COMPILER_APPICON_NAME = AppIcon;
				ASSETCATALOG_COMPILER_LAUNCHIMAGE_NAME = LaunchImage;
				GCC_PRECOMPILE_PREFIX_HEADER = YES;
				GCC_PREFIX_HEADER = "NSW/NSW-Prefix.pch";
				INFOPLIST_FILE = "NSW/NSW-Info.plist";
				PRODUCT_NAME = "$(TARGET_NAME)";
				WRAPPER_EXTENSION = app;
			};
			name = Release;
		};
		E2842AF8191A9992007FBD9B /* Debug */ = {
			isa = XCBuildConfiguration;
			buildSettings = {
				BUNDLE_LOADER = "$(BUILT_PRODUCTS_DIR)/NSW.app/NSW";
				FRAMEWORK_SEARCH_PATHS = (
					"$(SDKROOT)/Developer/Library/Frameworks",
					"$(inherited)",
					"$(DEVELOPER_FRAMEWORKS_DIR)",
				);
				GCC_PRECOMPILE_PREFIX_HEADER = YES;
				GCC_PREFIX_HEADER = "NSW/NSW-Prefix.pch";
				GCC_PREPROCESSOR_DEFINITIONS = (
					"DEBUG=1",
					"$(inherited)",
				);
				INFOPLIST_FILE = "NSWTests/NSWTests-Info.plist";
				PRODUCT_NAME = "$(TARGET_NAME)";
				TEST_HOST = "$(BUNDLE_LOADER)";
				WRAPPER_EXTENSION = xctest;
			};
			name = Debug;
		};
		E2842AF9191A9992007FBD9B /* Release */ = {
			isa = XCBuildConfiguration;
			buildSettings = {
				BUNDLE_LOADER = "$(BUILT_PRODUCTS_DIR)/NSW.app/NSW";
				FRAMEWORK_SEARCH_PATHS = (
					"$(SDKROOT)/Developer/Library/Frameworks",
					"$(inherited)",
					"$(DEVELOPER_FRAMEWORKS_DIR)",
				);
				GCC_PRECOMPILE_PREFIX_HEADER = YES;
				GCC_PREFIX_HEADER = "NSW/NSW-Prefix.pch";
				INFOPLIST_FILE = "NSWTests/NSWTests-Info.plist";
				PRODUCT_NAME = "$(TARGET_NAME)";
				TEST_HOST = "$(BUNDLE_LOADER)";
				WRAPPER_EXTENSION = xctest;
			};
			name = Release;
		};
/* End XCBuildConfiguration section */

/* Begin XCConfigurationList section */
		E2842ABA191A9991007FBD9B /* Build configuration list for PBXProject "NSW" */ = {
			isa = XCConfigurationList;
			buildConfigurations = (
				E2842AF2191A9992007FBD9B /* Debug */,
				E2842AF3191A9992007FBD9B /* Release */,
			);
			defaultConfigurationIsVisible = 0;
			defaultConfigurationName = Release;
		};
		E2842AF4191A9992007FBD9B /* Build configuration list for PBXNativeTarget "NSW" */ = {
			isa = XCConfigurationList;
			buildConfigurations = (
				E2842AF5191A9992007FBD9B /* Debug */,
				E2842AF6191A9992007FBD9B /* Release */,
			);
			defaultConfigurationIsVisible = 0;
			defaultConfigurationName = Release;
		};
		E2842AF7191A9992007FBD9B /* Build configuration list for PBXNativeTarget "NSWTests" */ = {
			isa = XCConfigurationList;
			buildConfigurations = (
				E2842AF8191A9992007FBD9B /* Debug */,
				E2842AF9191A9992007FBD9B /* Release */,
			);
			defaultConfigurationIsVisible = 0;
			defaultConfigurationName = Release;
		};
/* End XCConfigurationList section */
	};
	rootObject = E2842AB7191A9991007FBD9B /* Project object */;
}
